
Microsoft Visual Studio Solution File, Format Version 12.00
# Visual Studio Version 17
VisualStudioVersion = 17.9.34607.119
MinimumVisualStudioVersion = 10.0.40219.1
Project("{2150E333-8FDC-42A3-9474-1A3956D46DE8}") = "src", "src", "{EE8E79BB-FDBC-449D-84E0-A5A75D74601D}"
EndProject
Project("{2150E333-8FDC-42A3-9474-1A3956D46DE8}") = "Gateway", "Gateway", "{57C7A336-70FB-4E19-92FE-B5047173FFDC}"
EndProject
Project("{2150E333-8FDC-42A3-9474-1A3956D46DE8}") = "Services", "Services", "{D7E4307E-F1EC-4E2D-B80D-CA2310F5B685}"
EndProject
Project("{2150E333-8FDC-42A3-9474-1A3956D46DE8}") = "Booking", "Booking", "{3BA50B48-FD74-41EB-9E31-838EBF075DE0}"
EndProject
Project("{2150E333-8FDC-42A3-9474-1A3956D46DE8}") = "Notification", "Notification", "{299E4B01-4D32-498E-A611-B52D7752D4BA}"
EndProject
Project("{2150E333-8FDC-42A3-9474-1A3956D46DE8}") = "Passenger", "Passenger", "{70C626C4-BC9C-426B-A630-9BB88D1A7ADC}"
EndProject
Project("{2150E333-8FDC-42A3-9474-1A3956D46DE8}") = "Payment", "Payment", "{0659BA7A-85BA-4E0E-ABDE-D90925501862}"
EndProject
Project("{2150E333-8FDC-42A3-9474-1A3956D46DE8}") = "TrainSchedule", "TrainSchedule", "{DED33A43-0312-4EFD-AE29-3EF7B22AEEB6}"
EndProject
Project("{2150E333-8FDC-42A3-9474-1A3956D46DE8}") = "Admin", "Admin", "{4D8E00D0-217F-4593-9BD9-12F411AE7A37}"
EndProject
Project("{9A19103F-16F7-4668-BE54-9A1E7A4F7556}") = "Admin.API", "src\Services\Admin\Admin.API\Admin.API.csproj", "{FD2539DA-7E67-4244-8F8E-14EAAAFD6C82}"
EndProject
Project("{9A19103F-16F7-4668-BE54-9A1E7A4F7556}") = "Admin.Domain", "src\Services\Admin\Admin.Domain\Admin.Domain.csproj", "{8FA9907E-5EF5-45E8-9AD1-A725D0F69A2F}"
EndProject
Project("{9A19103F-16F7-4668-BE54-9A1E7A4F7556}") = "Admin.Application", "src\Services\Admin\Admin.Application\Admin.Application.csproj", "{6FBB1EB8-ED96-42E1-A790-0B126919CAA8}"
EndProject
Project("{9A19103F-16F7-4668-BE54-9A1E7A4F7556}") = "Admin.Infrastructure", "src\Services\Admin\Admin.Infrastructure\Admin.Infrastructure.csproj", "{C36343A5-5415-479C-9110-C73E32A0F80D}"
EndProject
Project("{9A19103F-16F7-4668-BE54-9A1E7A4F7556}") = "Booking.API", "src\Services\Booking\Booking.API\Booking.API.csproj", "{D61F60C4-3205-4CE5-B3A4-8CC81475C9DA}"
EndProject
Project("{9A19103F-16F7-4668-BE54-9A1E7A4F7556}") = "Booking.Domain", "src\Services\Booking\Booking.Domain\Booking.Domain.csproj", "{A5B1F3E0-D608-4C9F-89E3-3C43167ED72F}"
EndProject
Project("{9A19103F-16F7-4668-BE54-9A1E7A4F7556}") = "Booking.Application", "src\Services\Booking\Booking.Application\Booking.Application.csproj", "{BDA546E9-7228-45F0-B3AA-1FD63D0660C5}"
EndProject
Project("{9A19103F-16F7-4668-BE54-9A1E7A4F7556}") = "Booking.Infrastructure", "src\Services\Booking\Booking.Infrastructure\Booking.Infrastructure.csproj", "{DB32BBAF-780D-4171-9E5F-CC28EF0EE6DE}"
EndProject
Project("{9A19103F-16F7-4668-BE54-9A1E7A4F7556}") = "Notification.API", "src\Services\Notification\Notification.API\Notification.API.csproj", "{E4451B12-7A5D-494A-B3A8-5AC3A3F65A0B}"
EndProject
Project("{9A19103F-16F7-4668-BE54-9A1E7A4F7556}") = "Notification.Application", "src\Services\Notification\Notification.Application\Notification.Application.csproj", "{34652498-EA15-4757-98F7-D43FFB43D2A5}"
EndProject
Project("{9A19103F-16F7-4668-BE54-9A1E7A4F7556}") = "Notification.Infrastructure", "src\Services\Notification\Notification.Infrastructure\Notification.Infrastructure.csproj", "{1D7A58F4-7BDD-41F5-A357-EEC2267A6CB9}"
EndProject
Project("{9A19103F-16F7-4668-BE54-9A1E7A4F7556}") = "Passenger.API", "src\Services\Passenger\Passenger.API\Passenger.API.csproj", "{ECD0970F-2088-4DBE-8BE8-8DC20492662D}"
EndProject
Project("{9A19103F-16F7-4668-BE54-9A1E7A4F7556}") = "Passenger.Domain", "src\Services\Passenger\Passenger.Domain\Passenger.Domain.csproj", "{7895E563-1E0C-47A4-B7A1-EDE834F68F51}"
EndProject
Project("{9A19103F-16F7-4668-BE54-9A1E7A4F7556}") = "Passenger.Application", "src\Services\Passenger\Passenger.Application\Passenger.Application.csproj", "{C53B14C9-948F-4073-B49B-4548AABFDFC6}"
EndProject
Project("{9A19103F-16F7-4668-BE54-9A1E7A4F7556}") = "Passenger.Infrastructure", "src\Services\Passenger\Passenger.Infrastructure\Passenger.Infrastructure.csproj", "{FD7DDCF7-A44E-4DAA-AA2A-0B2D53E8AB99}"
EndProject
Project("{9A19103F-16F7-4668-BE54-9A1E7A4F7556}") = "Payment.API", "src\Services\Payment\Payment.API\Payment.API.csproj", "{395A781D-C309-41A3-A87E-286D24E99573}"
EndProject
Project("{9A19103F-16F7-4668-BE54-9A1E7A4F7556}") = "TrainSchedule.API", "src\Services\TrainSchedule\TrainSchedule.API\TrainSchedule.API.csproj", "{052AB2F1-CC3F-44B5-8675-01CAB4B5A261}"
EndProject
Project("{9A19103F-16F7-4668-BE54-9A1E7A4F7556}") = "TrainSchedule.Domain", "src\Services\TrainSchedule\TrainSchedule.Domain\TrainSchedule.Domain.csproj", "{DB912C92-F0B3-4989-A71C-71C1B0991F28}"
EndProject
Project("{9A19103F-16F7-4668-BE54-9A1E7A4F7556}") = "TrainSchedule.Application", "src\Services\TrainSchedule\TrainSchedule.Application\TrainSchedule.Application.csproj", "{9D7A51D3-7E9F-493A-ACF9-B449778AB83A}"
EndProject
Project("{9A19103F-16F7-4668-BE54-9A1E7A4F7556}") = "TrainSchedule.Infrastructure", "src\Services\TrainSchedule\TrainSchedule.Infrastructure\TrainSchedule.Infrastructure.csproj", "{057A6695-EE2E-4339-996D-880615B05552}"
EndProject
Project("{9A19103F-16F7-4668-BE54-9A1E7A4F7556}") = "Notification.Domain", "src\Services\Notification\Notification.Domain\Notification.Domain.csproj", "{CB25F2C7-1AD7-4D6C-9FDA-3C96199365B7}"
EndProject
Project("{9A19103F-16F7-4668-BE54-9A1E7A4F7556}") = "Payment.Domain", "src\Services\Payment\Payment.Domain\Payment.Domain.csproj", "{6A5C0039-62D2-446F-84F4-13B093A9CE12}"
EndProject
Project("{9A19103F-16F7-4668-BE54-9A1E7A4F7556}") = "Payment.Application", "src\Services\Payment\Payment.Application\Payment.Application.csproj", "{9F8EBD24-F81A-453E-8CF1-5524964C618C}"
EndProject
Project("{9A19103F-16F7-4668-BE54-9A1E7A4F7556}") = "Payment.Infrastructure", "src\Services\Payment\Payment.Infrastructure\Payment.Infrastructure.csproj", "{A85022BD-780E-4A14-B44D-441AA85CF1AC}"
EndProject
Project("{9A19103F-16F7-4668-BE54-9A1E7A4F7556}") = "ApiGateway", "src\Gateway\ApiGateway\ApiGateway.csproj", "{42B86F12-FD76-4163-B4EC-BA98CBBD770C}"
EndProject
Project("{E53339B2-1760-4266-BCC7-CA923CBCF16C}") = "docker-compose", "docker-compose.dcproj", "{7FA8BE51-73DF-420C-9AD6-D9F794B57EDD}"
EndProject
Global
	GlobalSection(SolutionConfigurationPlatforms) = preSolution
		Debug|Any CPU = Debug|Any CPU
		Release|Any CPU = Release|Any CPU
	EndGlobalSection
	GlobalSection(ProjectConfigurationPlatforms) = postSolution
		{FD2539DA-7E67-4244-8F8E-14EAAAFD6C82}.Debug|Any CPU.ActiveCfg = Debug|Any CPU
		{FD2539DA-7E67-4244-8F8E-14EAAAFD6C82}.Debug|Any CPU.Build.0 = Debug|Any CPU
		{FD2539DA-7E67-4244-8F8E-14EAAAFD6C82}.Release|Any CPU.ActiveCfg = Release|Any CPU
		{FD2539DA-7E67-4244-8F8E-14EAAAFD6C82}.Release|Any CPU.Build.0 = Release|Any CPU
		{8FA9907E-5EF5-45E8-9AD1-A725D0F69A2F}.Debug|Any CPU.ActiveCfg = Debug|Any CPU
		{8FA9907E-5EF5-45E8-9AD1-A725D0F69A2F}.Debug|Any CPU.Build.0 = Debug|Any CPU
		{8FA9907E-5EF5-45E8-9AD1-A725D0F69A2F}.Release|Any CPU.ActiveCfg = Release|Any CPU
		{8FA9907E-5EF5-45E8-9AD1-A725D0F69A2F}.Release|Any CPU.Build.0 = Release|Any CPU
		{6FBB1EB8-ED96-42E1-A790-0B126919CAA8}.Debug|Any CPU.ActiveCfg = Debug|Any CPU
		{6FBB1EB8-ED96-42E1-A790-0B126919CAA8}.Debug|Any CPU.Build.0 = Debug|Any CPU
		{6FBB1EB8-ED96-42E1-A790-0B126919CAA8}.Release|Any CPU.ActiveCfg = Release|Any CPU
		{6FBB1EB8-ED96-42E1-A790-0B126919CAA8}.Release|Any CPU.Build.0 = Release|Any CPU
		{C36343A5-5415-479C-9110-C73E32A0F80D}.Debug|Any CPU.ActiveCfg = Debug|Any CPU
		{C36343A5-5415-479C-9110-C73E32A0F80D}.Debug|Any CPU.Build.0 = Debug|Any CPU
		{C36343A5-5415-479C-9110-C73E32A0F80D}.Release|Any CPU.ActiveCfg = Release|Any CPU
		{C36343A5-5415-479C-9110-C73E32A0F80D}.Release|Any CPU.Build.0 = Release|Any CPU
		{D61F60C4-3205-4CE5-B3A4-8CC81475C9DA}.Debug|Any CPU.ActiveCfg = Debug|Any CPU
		{D61F60C4-3205-4CE5-B3A4-8CC81475C9DA}.Debug|Any CPU.Build.0 = Debug|Any CPU
		{D61F60C4-3205-4CE5-B3A4-8CC81475C9DA}.Release|Any CPU.ActiveCfg = Release|Any CPU
		{D61F60C4-3205-4CE5-B3A4-8CC81475C9DA}.Release|Any CPU.Build.0 = Release|Any CPU
		{A5B1F3E0-D608-4C9F-89E3-3C43167ED72F}.Debug|Any CPU.ActiveCfg = Debug|Any CPU
		{A5B1F3E0-D608-4C9F-89E3-3C43167ED72F}.Debug|Any CPU.Build.0 = Debug|Any CPU
		{A5B1F3E0-D608-4C9F-89E3-3C43167ED72F}.Release|Any CPU.ActiveCfg = Release|Any CPU
		{A5B1F3E0-D608-4C9F-89E3-3C43167ED72F}.Release|Any CPU.Build.0 = Release|Any CPU
		{BDA546E9-7228-45F0-B3AA-1FD63D0660C5}.Debug|Any CPU.ActiveCfg = Debug|Any CPU
		{BDA546E9-7228-45F0-B3AA-1FD63D0660C5}.Debug|Any CPU.Build.0 = Debug|Any CPU
		{BDA546E9-7228-45F0-B3AA-1FD63D0660C5}.Release|Any CPU.ActiveCfg = Release|Any CPU
		{BDA546E9-7228-45F0-B3AA-1FD63D0660C5}.Release|Any CPU.Build.0 = Release|Any CPU
		{DB32BBAF-780D-4171-9E5F-CC28EF0EE6DE}.Debug|Any CPU.ActiveCfg = Debug|Any CPU
		{DB32BBAF-780D-4171-9E5F-CC28EF0EE6DE}.Debug|Any CPU.Build.0 = Debug|Any CPU
		{DB32BBAF-780D-4171-9E5F-CC28EF0EE6DE}.Release|Any CPU.ActiveCfg = Release|Any CPU
		{DB32BBAF-780D-4171-9E5F-CC28EF0EE6DE}.Release|Any CPU.Build.0 = Release|Any CPU
		{E4451B12-7A5D-494A-B3A8-5AC3A3F65A0B}.Debug|Any CPU.ActiveCfg = Debug|Any CPU
		{E4451B12-7A5D-494A-B3A8-5AC3A3F65A0B}.Debug|Any CPU.Build.0 = Debug|Any CPU
		{E4451B12-7A5D-494A-B3A8-5AC3A3F65A0B}.Release|Any CPU.ActiveCfg = Release|Any CPU
		{E4451B12-7A5D-494A-B3A8-5AC3A3F65A0B}.Release|Any CPU.Build.0 = Release|Any CPU
		{34652498-EA15-4757-98F7-D43FFB43D2A5}.Debug|Any CPU.ActiveCfg = Debug|Any CPU
		{34652498-EA15-4757-98F7-D43FFB43D2A5}.Debug|Any CPU.Build.0 = Debug|Any CPU
		{34652498-EA15-4757-98F7-D43FFB43D2A5}.Release|Any CPU.ActiveCfg = Release|Any CPU
		{34652498-EA15-4757-98F7-D43FFB43D2A5}.Release|Any CPU.Build.0 = Release|Any CPU
		{1D7A58F4-7BDD-41F5-A357-EEC2267A6CB9}.Debug|Any CPU.ActiveCfg = Debug|Any CPU
		{1D7A58F4-7BDD-41F5-A357-EEC2267A6CB9}.Debug|Any CPU.Build.0 = Debug|Any CPU
		{1D7A58F4-7BDD-41F5-A357-EEC2267A6CB9}.Release|Any CPU.ActiveCfg = Release|Any CPU
		{1D7A58F4-7BDD-41F5-A357-EEC2267A6CB9}.Release|Any CPU.Build.0 = Release|Any CPU
		{ECD0970F-2088-4DBE-8BE8-8DC20492662D}.Debug|Any CPU.ActiveCfg = Debug|Any CPU
		{ECD0970F-2088-4DBE-8BE8-8DC20492662D}.Debug|Any CPU.Build.0 = Debug|Any CPU
		{ECD0970F-2088-4DBE-8BE8-8DC20492662D}.Release|Any CPU.ActiveCfg = Release|Any CPU
		{ECD0970F-2088-4DBE-8BE8-8DC20492662D}.Release|Any CPU.Build.0 = Release|Any CPU
		{7895E563-1E0C-47A4-B7A1-EDE834F68F51}.Debug|Any CPU.ActiveCfg = Debug|Any CPU
		{7895E563-1E0C-47A4-B7A1-EDE834F68F51}.Debug|Any CPU.Build.0 = Debug|Any CPU
		{7895E563-1E0C-47A4-B7A1-EDE834F68F51}.Release|Any CPU.ActiveCfg = Release|Any CPU
		{7895E563-1E0C-47A4-B7A1-EDE834F68F51}.Release|Any CPU.Build.0 = Release|Any CPU
		{C53B14C9-948F-4073-B49B-4548AABFDFC6}.Debug|Any CPU.ActiveCfg = Debug|Any CPU
		{C53B14C9-948F-4073-B49B-4548AABFDFC6}.Debug|Any CPU.Build.0 = Debug|Any CPU
		{C53B14C9-948F-4073-B49B-4548AABFDFC6}.Release|Any CPU.ActiveCfg = Release|Any CPU
		{C53B14C9-948F-4073-B49B-4548AABFDFC6}.Release|Any CPU.Build.0 = Release|Any CPU
		{FD7DDCF7-A44E-4DAA-AA2A-0B2D53E8AB99}.Debug|Any CPU.ActiveCfg = Debug|Any CPU
		{FD7DDCF7-A44E-4DAA-AA2A-0B2D53E8AB99}.Debug|Any CPU.Build.0 = Debug|Any CPU
		{FD7DDCF7-A44E-4DAA-AA2A-0B2D53E8AB99}.Release|Any CPU.ActiveCfg = Release|Any CPU
		{FD7DDCF7-A44E-4DAA-AA2A-0B2D53E8AB99}.Release|Any CPU.Build.0 = Release|Any CPU
		{395A781D-C309-41A3-A87E-286D24E99573}.Debug|Any CPU.ActiveCfg = Debug|Any CPU
		{395A781D-C309-41A3-A87E-286D24E99573}.Debug|Any CPU.Build.0 = Debug|Any CPU
		{395A781D-C309-41A3-A87E-286D24E99573}.Release|Any CPU.ActiveCfg = Release|Any CPU
		{395A781D-C309-41A3-A87E-286D24E99573}.Release|Any CPU.Build.0 = Release|Any CPU
		{052AB2F1-CC3F-44B5-8675-01CAB4B5A261}.Debug|Any CPU.ActiveCfg = Debug|Any CPU
		{052AB2F1-CC3F-44B5-8675-01CAB4B5A261}.Debug|Any CPU.Build.0 = Debug|Any CPU
		{052AB2F1-CC3F-44B5-8675-01CAB4B5A261}.Release|Any CPU.ActiveCfg = Release|Any CPU
		{052AB2F1-CC3F-44B5-8675-01CAB4B5A261}.Release|Any CPU.Build.0 = Release|Any CPU
		{DB912C92-F0B3-4989-A71C-71C1B0991F28}.Debug|Any CPU.ActiveCfg = Debug|Any CPU
		{DB912C92-F0B3-4989-A71C-71C1B0991F28}.Debug|Any CPU.Build.0 = Debug|Any CPU
		{DB912C92-F0B3-4989-A71C-71C1B0991F28}.Release|Any CPU.ActiveCfg = Release|Any CPU
		{DB912C92-F0B3-4989-A71C-71C1B0991F28}.Release|Any CPU.Build.0 = Release|Any CPU
		{9D7A51D3-7E9F-493A-ACF9-B449778AB83A}.Debug|Any CPU.ActiveCfg = Debug|Any CPU
		{9D7A51D3-7E9F-493A-ACF9-B449778AB83A}.Debug|Any CPU.Build.0 = Debug|Any CPU
		{9D7A51D3-7E9F-493A-ACF9-B449778AB83A}.Release|Any CPU.ActiveCfg = Release|Any CPU
		{9D7A51D3-7E9F-493A-ACF9-B449778AB83A}.Release|Any CPU.Build.0 = Release|Any CPU
		{057A6695-EE2E-4339-996D-880615B05552}.Debug|Any CPU.ActiveCfg = Debug|Any CPU
		{057A6695-EE2E-4339-996D-880615B05552}.Debug|Any CPU.Build.0 = Debug|Any CPU
		{057A6695-EE2E-4339-996D-880615B05552}.Release|Any CPU.ActiveCfg = Release|Any CPU
		{057A6695-EE2E-4339-996D-880615B05552}.Release|Any CPU.Build.0 = Release|Any CPU
		{CB25F2C7-1AD7-4D6C-9FDA-3C96199365B7}.Debug|Any CPU.ActiveCfg = Debug|Any CPU
		{CB25F2C7-1AD7-4D6C-9FDA-3C96199365B7}.Debug|Any CPU.Build.0 = Debug|Any CPU
		{CB25F2C7-1AD7-4D6C-9FDA-3C96199365B7}.Release|Any CPU.ActiveCfg = Release|Any CPU
		{CB25F2C7-1AD7-4D6C-9FDA-3C96199365B7}.Release|Any CPU.Build.0 = Release|Any CPU
		{6A5C0039-62D2-446F-84F4-13B093A9CE12}.Debug|Any CPU.ActiveCfg = Debug|Any CPU
		{6A5C0039-62D2-446F-84F4-13B093A9CE12}.Debug|Any CPU.Build.0 = Debug|Any CPU
		{6A5C0039-62D2-446F-84F4-13B093A9CE12}.Release|Any CPU.ActiveCfg = Release|Any CPU
		{6A5C0039-62D2-446F-84F4-13B093A9CE12}.Release|Any CPU.Build.0 = Release|Any CPU
		{9F8EBD24-F81A-453E-8CF1-5524964C618C}.Debug|Any CPU.ActiveCfg = Debug|Any CPU
		{9F8EBD24-F81A-453E-8CF1-5524964C618C}.Debug|Any CPU.Build.0 = Debug|Any CPU
		{9F8EBD24-F81A-453E-8CF1-5524964C618C}.Release|Any CPU.ActiveCfg = Release|Any CPU
		{9F8EBD24-F81A-453E-8CF1-5524964C618C}.Release|Any CPU.Build.0 = Release|Any CPU
		{A85022BD-780E-4A14-B44D-441AA85CF1AC}.Debug|Any CPU.ActiveCfg = Debug|Any CPU
		{A85022BD-780E-4A14-B44D-441AA85CF1AC}.Debug|Any CPU.Build.0 = Debug|Any CPU
		{A85022BD-780E-4A14-B44D-441AA85CF1AC}.Release|Any CPU.ActiveCfg = Release|Any CPU
		{A85022BD-780E-4A14-B44D-441AA85CF1AC}.Release|Any CPU.Build.0 = Release|Any CPU
		{42B86F12-FD76-4163-B4EC-BA98CBBD770C}.Debug|Any CPU.ActiveCfg = Debug|Any CPU
		{42B86F12-FD76-4163-B4EC-BA98CBBD770C}.Debug|Any CPU.Build.0 = Debug|Any CPU
		{42B86F12-FD76-4163-B4EC-BA98CBBD770C}.Release|Any CPU.ActiveCfg = Release|Any CPU
		{42B86F12-FD76-4163-B4EC-BA98CBBD770C}.Release|Any CPU.Build.0 = Release|Any CPU
		{7FA8BE51-73DF-420C-9AD6-D9F794B57EDD}.Debug|Any CPU.ActiveCfg = Debug|Any CPU
		{7FA8BE51-73DF-420C-9AD6-D9F794B57EDD}.Debug|Any CPU.Build.0 = Debug|Any CPU
		{7FA8BE51-73DF-420C-9AD6-D9F794B57EDD}.Release|Any CPU.ActiveCfg = Release|Any CPU
		{7FA8BE51-73DF-420C-9AD6-D9F794B57EDD}.Release|Any CPU.Build.0 = Release|Any CPU
	EndGlobalSection
	GlobalSection(SolutionProperties) = preSolution
		HideSolutionNode = FALSE
	EndGlobalSection
	GlobalSection(NestedProjects) = preSolution
		{57C7A336-70FB-4E19-92FE-B5047173FFDC} = {EE8E79BB-FDBC-449D-84E0-A5A75D74601D}
		{D7E4307E-F1EC-4E2D-B80D-CA2310F5B685} = {EE8E79BB-FDBC-449D-84E0-A5A75D74601D}
		{3BA50B48-FD74-41EB-9E31-838EBF075DE0} = {D7E4307E-F1EC-4E2D-B80D-CA2310F5B685}
		{299E4B01-4D32-498E-A611-B52D7752D4BA} = {D7E4307E-F1EC-4E2D-B80D-CA2310F5B685}
		{70C626C4-BC9C-426B-A630-9BB88D1A7ADC} = {D7E4307E-F1EC-4E2D-B80D-CA2310F5B685}
		{0659BA7A-85BA-4E0E-ABDE-D90925501862} = {D7E4307E-F1EC-4E2D-B80D-CA2310F5B685}
		{DED33A43-0312-4EFD-AE29-3EF7B22AEEB6} = {D7E4307E-F1EC-4E2D-B80D-CA2310F5B685}
		{4D8E00D0-217F-4593-9BD9-12F411AE7A37} = {D7E4307E-F1EC-4E2D-B80D-CA2310F5B685}
		{FD2539DA-7E67-4244-8F8E-14EAAAFD6C82} = {4D8E00D0-217F-4593-9BD9-12F411AE7A37}
		{8FA9907E-5EF5-45E8-9AD1-A725D0F69A2F} = {4D8E00D0-217F-4593-9BD9-12F411AE7A37}
		{6FBB1EB8-ED96-42E1-A790-0B126919CAA8} = {4D8E00D0-217F-4593-9BD9-12F411AE7A37}
		{C36343A5-5415-479C-9110-C73E32A0F80D} = {4D8E00D0-217F-4593-9BD9-12F411AE7A37}
		{D61F60C4-3205-4CE5-B3A4-8CC81475C9DA} = {3BA50B48-FD74-41EB-9E31-838EBF075DE0}
		{A5B1F3E0-D608-4C9F-89E3-3C43167ED72F} = {3BA50B48-FD74-41EB-9E31-838EBF075DE0}
		{BDA546E9-7228-45F0-B3AA-1FD63D0660C5} = {3BA50B48-FD74-41EB-9E31-838EBF075DE0}
		{DB32BBAF-780D-4171-9E5F-CC28EF0EE6DE} = {3BA50B48-FD74-41EB-9E31-838EBF075DE0}
		{E4451B12-7A5D-494A-B3A8-5AC3A3F65A0B} = {299E4B01-4D32-498E-A611-B52D7752D4BA}
		{34652498-EA15-4757-98F7-D43FFB43D2A5} = {299E4B01-4D32-498E-A611-B52D7752D4BA}
		{1D7A58F4-7BDD-41F5-A357-EEC2267A6CB9} = {299E4B01-4D32-498E-A611-B52D7752D4BA}
		{ECD0970F-2088-4DBE-8BE8-8DC20492662D} = {70C626C4-BC9C-426B-A630-9BB88D1A7ADC}
		{7895E563-1E0C-47A4-B7A1-EDE834F68F51} = {70C626C4-BC9C-426B-A630-9BB88D1A7ADC}
		{C53B14C9-948F-4073-B49B-4548AABFDFC6} = {70C626C4-BC9C-426B-A630-9BB88D1A7ADC}
		{FD7DDCF7-A44E-4DAA-AA2A-0B2D53E8AB99} = {70C626C4-BC9C-426B-A630-9BB88D1A7ADC}
		{395A781D-C309-41A3-A87E-286D24E99573} = {0659BA7A-85BA-4E0E-ABDE-D90925501862}
		{052AB2F1-CC3F-44B5-8675-01CAB4B5A261} = {DED33A43-0312-4EFD-AE29-3EF7B22AEEB6}
		{DB912C92-F0B3-4989-A71C-71C1B0991F28} = {DED33A43-0312-4EFD-AE29-3EF7B22AEEB6}
		{9D7A51D3-7E9F-493A-ACF9-B449778AB83A} = {DED33A43-0312-4EFD-AE29-3EF7B22AEEB6}
		{057A6695-EE2E-4339-996D-880615B05552} = {DED33A43-0312-4EFD-AE29-3EF7B22AEEB6}
		{CB25F2C7-1AD7-4D6C-9FDA-3C96199365B7} = {299E4B01-4D32-498E-A611-B52D7752D4BA}
		{6A5C0039-62D2-446F-84F4-13B093A9CE12} = {0659BA7A-85BA-4E0E-ABDE-D90925501862}
		{9F8EBD24-F81A-453E-8CF1-5524964C618C} = {0659BA7A-85BA-4E0E-ABDE-D90925501862}
		{A85022BD-780E-4A14-B44D-441AA85CF1AC} = {0659BA7A-85BA-4E0E-ABDE-D90925501862}
		{42B86F12-FD76-4163-B4EC-BA98CBBD770C} = {57C7A336-70FB-4E19-92FE-B5047173FFDC}
	EndGlobalSection
	GlobalSection(ExtensibilityGlobals) = postSolution
		SolutionGuid = {DA203A5B-D096-46AD-AC8D-120DF7BE58A5}
	EndGlobalSection
EndGlobal
